// !$*UTF8*$!
{
	archiveVersion = 1;
	classes = {
	};
	objectVersion = 56;
	objects = {

/* Begin PBXBuildFile section */
		35CA6449FABFC46CA7536614 /* Pods_Kadai11_UIKitTests.framework in Frameworks */ = {isa = PBXBuildFile; fileRef = 614797EC4A63422D08A964EC /* Pods_Kadai11_UIKitTests.framework */; };
		69555C2F2A37035E00AB3E23 /* AppDelegate.swift in Sources */ = {isa = PBXBuildFile; fileRef = 69555C2E2A37035E00AB3E23 /* AppDelegate.swift */; };
		69555C312A37035E00AB3E23 /* SceneDelegate.swift in Sources */ = {isa = PBXBuildFile; fileRef = 69555C302A37035E00AB3E23 /* SceneDelegate.swift */; };
		69555C332A37035E00AB3E23 /* ViewController.swift in Sources */ = {isa = PBXBuildFile; fileRef = 69555C322A37035E00AB3E23 /* ViewController.swift */; };
		69555C362A37035E00AB3E23 /* Main.storyboard in Resources */ = {isa = PBXBuildFile; fileRef = 69555C342A37035E00AB3E23 /* Main.storyboard */; };
		69555C382A37035F00AB3E23 /* Assets.xcassets in Resources */ = {isa = PBXBuildFile; fileRef = 69555C372A37035F00AB3E23 /* Assets.xcassets */; };
		69555C3B2A37035F00AB3E23 /* LaunchScreen.storyboard in Resources */ = {isa = PBXBuildFile; fileRef = 69555C392A37035F00AB3E23 /* LaunchScreen.storyboard */; };
		69555C462A37035F00AB3E23 /* Kadai11_UIKitTests.swift in Sources */ = {isa = PBXBuildFile; fileRef = 69555C452A37035F00AB3E23 /* Kadai11_UIKitTests.swift */; };
		69555C502A37035F00AB3E23 /* Kadai11_UIKitUITests.swift in Sources */ = {isa = PBXBuildFile; fileRef = 69555C4F2A37035F00AB3E23 /* Kadai11_UIKitUITests.swift */; };
		69555C522A37035F00AB3E23 /* Kadai11_UIKitUITestsLaunchTests.swift in Sources */ = {isa = PBXBuildFile; fileRef = 69555C512A37035F00AB3E23 /* Kadai11_UIKitUITestsLaunchTests.swift */; };
		69555C5F2A37079600AB3E23 /* Prefectures.swift in Sources */ = {isa = PBXBuildFile; fileRef = 69555C5E2A37079600AB3E23 /* Prefectures.swift */; };
		69555C9D2A38750E00AB3E23 /* PrefecturesViewController.swift in Sources */ = {isa = PBXBuildFile; fileRef = 69555C9C2A38750E00AB3E23 /* PrefecturesViewController.swift */; };
		70C229F08F9F1005BDF57E87 /* Pods_Kadai11_UIKit_Kadai11_UIKitUITests.framework in Frameworks */ = {isa = PBXBuildFile; fileRef = 59688E8BC6B75CB29E85D014 /* Pods_Kadai11_UIKit_Kadai11_UIKitUITests.framework */; };
		76676605EEF28ABC5BB5F71C /* Pods_Kadai11_UIKit.framework in Frameworks */ = {isa = PBXBuildFile; fileRef = A834FA33F4E57631DA4382F0 /* Pods_Kadai11_UIKit.framework */; };
/* End PBXBuildFile section */

/* Begin PBXContainerItemProxy section */
		69555C422A37035F00AB3E23 /* PBXContainerItemProxy */ = {
			isa = PBXContainerItemProxy;
			containerPortal = 69555C232A37035E00AB3E23 /* Project object */;
			proxyType = 1;
			remoteGlobalIDString = 69555C2A2A37035E00AB3E23;
			remoteInfo = "Kadai11-UIKit";
		};
		69555C4C2A37035F00AB3E23 /* PBXContainerItemProxy */ = {
			isa = PBXContainerItemProxy;
			containerPortal = 69555C232A37035E00AB3E23 /* Project object */;
			proxyType = 1;
			remoteGlobalIDString = 69555C2A2A37035E00AB3E23;
			remoteInfo = "Kadai11-UIKit";
		};
/* End PBXContainerItemProxy section */

/* Begin PBXFileReference section */
		05A27996547CCDBDF3D068F0 /* Pods-Kadai11-UIKit.debug.xcconfig */ = {isa = PBXFileReference; includeInIndex = 1; lastKnownFileType = text.xcconfig; name = "Pods-Kadai11-UIKit.debug.xcconfig"; path = "Target Support Files/Pods-Kadai11-UIKit/Pods-Kadai11-UIKit.debug.xcconfig"; sourceTree = "<group>"; };
		121092A92928158F024242D8 /* Pods-Kadai11-UIKit.release.xcconfig */ = {isa = PBXFileReference; includeInIndex = 1; lastKnownFileType = text.xcconfig; name = "Pods-Kadai11-UIKit.release.xcconfig"; path = "Target Support Files/Pods-Kadai11-UIKit/Pods-Kadai11-UIKit.release.xcconfig"; sourceTree = "<group>"; };
		4FBE97332A46096CA518F950 /* Pods-Kadai11-UIKitTests.release.xcconfig */ = {isa = PBXFileReference; includeInIndex = 1; lastKnownFileType = text.xcconfig; name = "Pods-Kadai11-UIKitTests.release.xcconfig"; path = "Target Support Files/Pods-Kadai11-UIKitTests/Pods-Kadai11-UIKitTests.release.xcconfig"; sourceTree = "<group>"; };
		59688E8BC6B75CB29E85D014 /* Pods_Kadai11_UIKit_Kadai11_UIKitUITests.framework */ = {isa = PBXFileReference; explicitFileType = wrapper.framework; includeInIndex = 0; path = Pods_Kadai11_UIKit_Kadai11_UIKitUITests.framework; sourceTree = BUILT_PRODUCTS_DIR; };
		614797EC4A63422D08A964EC /* Pods_Kadai11_UIKitTests.framework */ = {isa = PBXFileReference; explicitFileType = wrapper.framework; includeInIndex = 0; path = Pods_Kadai11_UIKitTests.framework; sourceTree = BUILT_PRODUCTS_DIR; };
		668951A90B611EF41567245A /* Pods-Kadai11-UIKit-Kadai11-UIKitUITests.debug.xcconfig */ = {isa = PBXFileReference; includeInIndex = 1; lastKnownFileType = text.xcconfig; name = "Pods-Kadai11-UIKit-Kadai11-UIKitUITests.debug.xcconfig"; path = "Target Support Files/Pods-Kadai11-UIKit-Kadai11-UIKitUITests/Pods-Kadai11-UIKit-Kadai11-UIKitUITests.debug.xcconfig"; sourceTree = "<group>"; };
		69555C2B2A37035E00AB3E23 /* Kadai11-UIKit.app */ = {isa = PBXFileReference; explicitFileType = wrapper.application; includeInIndex = 0; path = "Kadai11-UIKit.app"; sourceTree = BUILT_PRODUCTS_DIR; };
		69555C2E2A37035E00AB3E23 /* AppDelegate.swift */ = {isa = PBXFileReference; lastKnownFileType = sourcecode.swift; path = AppDelegate.swift; sourceTree = "<group>"; };
		69555C302A37035E00AB3E23 /* SceneDelegate.swift */ = {isa = PBXFileReference; lastKnownFileType = sourcecode.swift; path = SceneDelegate.swift; sourceTree = "<group>"; };
		69555C322A37035E00AB3E23 /* ViewController.swift */ = {isa = PBXFileReference; lastKnownFileType = sourcecode.swift; path = ViewController.swift; sourceTree = "<group>"; };
		69555C352A37035E00AB3E23 /* Base */ = {isa = PBXFileReference; lastKnownFileType = file.storyboard; name = Base; path = Base.lproj/Main.storyboard; sourceTree = "<group>"; };
		69555C372A37035F00AB3E23 /* Assets.xcassets */ = {isa = PBXFileReference; lastKnownFileType = folder.assetcatalog; path = Assets.xcassets; sourceTree = "<group>"; };
		69555C3A2A37035F00AB3E23 /* Base */ = {isa = PBXFileReference; lastKnownFileType = file.storyboard; name = Base; path = Base.lproj/LaunchScreen.storyboard; sourceTree = "<group>"; };
		69555C3C2A37035F00AB3E23 /* Info.plist */ = {isa = PBXFileReference; lastKnownFileType = text.plist.xml; path = Info.plist; sourceTree = "<group>"; };
		69555C412A37035F00AB3E23 /* Kadai11-UIKitTests.xctest */ = {isa = PBXFileReference; explicitFileType = wrapper.cfbundle; includeInIndex = 0; path = "Kadai11-UIKitTests.xctest"; sourceTree = BUILT_PRODUCTS_DIR; };
		69555C452A37035F00AB3E23 /* Kadai11_UIKitTests.swift */ = {isa = PBXFileReference; lastKnownFileType = sourcecode.swift; path = Kadai11_UIKitTests.swift; sourceTree = "<group>"; };
		69555C4B2A37035F00AB3E23 /* Kadai11-UIKitUITests.xctest */ = {isa = PBXFileReference; explicitFileType = wrapper.cfbundle; includeInIndex = 0; path = "Kadai11-UIKitUITests.xctest"; sourceTree = BUILT_PRODUCTS_DIR; };
		69555C4F2A37035F00AB3E23 /* Kadai11_UIKitUITests.swift */ = {isa = PBXFileReference; lastKnownFileType = sourcecode.swift; path = Kadai11_UIKitUITests.swift; sourceTree = "<group>"; };
		69555C512A37035F00AB3E23 /* Kadai11_UIKitUITestsLaunchTests.swift */ = {isa = PBXFileReference; lastKnownFileType = sourcecode.swift; path = Kadai11_UIKitUITestsLaunchTests.swift; sourceTree = "<group>"; };
		69555C5E2A37079600AB3E23 /* Prefectures.swift */ = {isa = PBXFileReference; lastKnownFileType = sourcecode.swift; path = Prefectures.swift; sourceTree = "<group>"; };
		69555C9C2A38750E00AB3E23 /* PrefecturesViewController.swift */ = {isa = PBXFileReference; lastKnownFileType = sourcecode.swift; path = PrefecturesViewController.swift; sourceTree = "<group>"; };
		7F15B30C292069FA466BDC70 /* Pods-Kadai11-UIKitTests.debug.xcconfig */ = {isa = PBXFileReference; includeInIndex = 1; lastKnownFileType = text.xcconfig; name = "Pods-Kadai11-UIKitTests.debug.xcconfig"; path = "Target Support Files/Pods-Kadai11-UIKitTests/Pods-Kadai11-UIKitTests.debug.xcconfig"; sourceTree = "<group>"; };
		A834FA33F4E57631DA4382F0 /* Pods_Kadai11_UIKit.framework */ = {isa = PBXFileReference; explicitFileType = wrapper.framework; includeInIndex = 0; path = Pods_Kadai11_UIKit.framework; sourceTree = BUILT_PRODUCTS_DIR; };
		D66E252E49E854AC57F9C77A /* Pods-Kadai11-UIKit-Kadai11-UIKitUITests.release.xcconfig */ = {isa = PBXFileReference; includeInIndex = 1; lastKnownFileType = text.xcconfig; name = "Pods-Kadai11-UIKit-Kadai11-UIKitUITests.release.xcconfig"; path = "Target Support Files/Pods-Kadai11-UIKit-Kadai11-UIKitUITests/Pods-Kadai11-UIKit-Kadai11-UIKitUITests.release.xcconfig"; sourceTree = "<group>"; };
/* End PBXFileReference section */

/* Begin PBXFrameworksBuildPhase section */
		69555C282A37035E00AB3E23 /* Frameworks */ = {
			isa = PBXFrameworksBuildPhase;
			buildActionMask = 2147483647;
			files = (
				76676605EEF28ABC5BB5F71C /* Pods_Kadai11_UIKit.framework in Frameworks */,
			);
			runOnlyForDeploymentPostprocessing = 0;
		};
		69555C3E2A37035F00AB3E23 /* Frameworks */ = {
			isa = PBXFrameworksBuildPhase;
			buildActionMask = 2147483647;
			files = (
				35CA6449FABFC46CA7536614 /* Pods_Kadai11_UIKitTests.framework in Frameworks */,
			);
			runOnlyForDeploymentPostprocessing = 0;
		};
		69555C482A37035F00AB3E23 /* Frameworks */ = {
			isa = PBXFrameworksBuildPhase;
			buildActionMask = 2147483647;
			files = (
				70C229F08F9F1005BDF57E87 /* Pods_Kadai11_UIKit_Kadai11_UIKitUITests.framework in Frameworks */,
			);
			runOnlyForDeploymentPostprocessing = 0;
		};
/* End PBXFrameworksBuildPhase section */

/* Begin PBXGroup section */
		4F0824E492AEAB3777135590 /* Frameworks */ = {
			isa = PBXGroup;
			children = (
				A834FA33F4E57631DA4382F0 /* Pods_Kadai11_UIKit.framework */,
				59688E8BC6B75CB29E85D014 /* Pods_Kadai11_UIKit_Kadai11_UIKitUITests.framework */,
				614797EC4A63422D08A964EC /* Pods_Kadai11_UIKitTests.framework */,
			);
			name = Frameworks;
			sourceTree = "<group>";
		};
		69555C222A37035E00AB3E23 = {
			isa = PBXGroup;
			children = (
				69555C2D2A37035E00AB3E23 /* Kadai11-UIKit */,
				69555C442A37035F00AB3E23 /* Kadai11-UIKitTests */,
				69555C4E2A37035F00AB3E23 /* Kadai11-UIKitUITests */,
				69555C2C2A37035E00AB3E23 /* Products */,
				BC882F5C0F905F813B2137EA /* Pods */,
				4F0824E492AEAB3777135590 /* Frameworks */,
			);
			sourceTree = "<group>";
			wrapsLines = 0;
		};
		69555C2C2A37035E00AB3E23 /* Products */ = {
			isa = PBXGroup;
			children = (
				69555C2B2A37035E00AB3E23 /* Kadai11-UIKit.app */,
				69555C412A37035F00AB3E23 /* Kadai11-UIKitTests.xctest */,
				69555C4B2A37035F00AB3E23 /* Kadai11-UIKitUITests.xctest */,
			);
			name = Products;
			sourceTree = "<group>";
		};
		69555C2D2A37035E00AB3E23 /* Kadai11-UIKit */ = {
			isa = PBXGroup;
			children = (
				69555C2E2A37035E00AB3E23 /* AppDelegate.swift */,
				69555C302A37035E00AB3E23 /* SceneDelegate.swift */,
				69555C322A37035E00AB3E23 /* ViewController.swift */,
				69555C9C2A38750E00AB3E23 /* PrefecturesViewController.swift */,
				69555C5E2A37079600AB3E23 /* Prefectures.swift */,
				69555C342A37035E00AB3E23 /* Main.storyboard */,
				69555C372A37035F00AB3E23 /* Assets.xcassets */,
				69555C392A37035F00AB3E23 /* LaunchScreen.storyboard */,
				69555C3C2A37035F00AB3E23 /* Info.plist */,
			);
			path = "Kadai11-UIKit";
			sourceTree = "<group>";
		};
		69555C442A37035F00AB3E23 /* Kadai11-UIKitTests */ = {
			isa = PBXGroup;
			children = (
				69555C452A37035F00AB3E23 /* Kadai11_UIKitTests.swift */,
			);
			path = "Kadai11-UIKitTests";
			sourceTree = "<group>";
		};
		69555C4E2A37035F00AB3E23 /* Kadai11-UIKitUITests */ = {
			isa = PBXGroup;
			children = (
				69555C4F2A37035F00AB3E23 /* Kadai11_UIKitUITests.swift */,
				69555C512A37035F00AB3E23 /* Kadai11_UIKitUITestsLaunchTests.swift */,
			);
			path = "Kadai11-UIKitUITests";
			sourceTree = "<group>";
		};
		BC882F5C0F905F813B2137EA /* Pods */ = {
			isa = PBXGroup;
			children = (
				05A27996547CCDBDF3D068F0 /* Pods-Kadai11-UIKit.debug.xcconfig */,
				121092A92928158F024242D8 /* Pods-Kadai11-UIKit.release.xcconfig */,
				668951A90B611EF41567245A /* Pods-Kadai11-UIKit-Kadai11-UIKitUITests.debug.xcconfig */,
				D66E252E49E854AC57F9C77A /* Pods-Kadai11-UIKit-Kadai11-UIKitUITests.release.xcconfig */,
				7F15B30C292069FA466BDC70 /* Pods-Kadai11-UIKitTests.debug.xcconfig */,
				4FBE97332A46096CA518F950 /* Pods-Kadai11-UIKitTests.release.xcconfig */,
			);
			path = Pods;
			sourceTree = "<group>";
		};
/* End PBXGroup section */

/* Begin PBXNativeTarget section */
		69555C2A2A37035E00AB3E23 /* Kadai11-UIKit */ = {
			isa = PBXNativeTarget;
			buildConfigurationList = 69555C552A37035F00AB3E23 /* Build configuration list for PBXNativeTarget "Kadai11-UIKit" */;
			buildPhases = (
				7B5F74A4A52ED20A5FD50D7D /* [CP] Check Pods Manifest.lock */,
				69555C272A37035E00AB3E23 /* Sources */,
				69555C282A37035E00AB3E23 /* Frameworks */,
				69555C292A37035E00AB3E23 /* Resources */,
				69BB3E662A691B9C004C3CD2 /* ShellScript */,
			);
			buildRules = (
			);
			dependencies = (
			);
			name = "Kadai11-UIKit";
			productName = "Kadai11-UIKit";
			productReference = 69555C2B2A37035E00AB3E23 /* Kadai11-UIKit.app */;
			productType = "com.apple.product-type.application";
		};
		69555C402A37035F00AB3E23 /* Kadai11-UIKitTests */ = {
			isa = PBXNativeTarget;
			buildConfigurationList = 69555C582A37035F00AB3E23 /* Build configuration list for PBXNativeTarget "Kadai11-UIKitTests" */;
			buildPhases = (
				AF53099A9342CA6E1F64E4B7 /* [CP] Check Pods Manifest.lock */,
				69555C3D2A37035F00AB3E23 /* Sources */,
				69555C3E2A37035F00AB3E23 /* Frameworks */,
				69555C3F2A37035F00AB3E23 /* Resources */,
			);
			buildRules = (
			);
			dependencies = (
				69555C432A37035F00AB3E23 /* PBXTargetDependency */,
			);
			name = "Kadai11-UIKitTests";
			productName = "Kadai11-UIKitTests";
			productReference = 69555C412A37035F00AB3E23 /* Kadai11-UIKitTests.xctest */;
			productType = "com.apple.product-type.bundle.unit-test";
		};
		69555C4A2A37035F00AB3E23 /* Kadai11-UIKitUITests */ = {
			isa = PBXNativeTarget;
			buildConfigurationList = 69555C5B2A37035F00AB3E23 /* Build configuration list for PBXNativeTarget "Kadai11-UIKitUITests" */;
			buildPhases = (
				E0D29A5A6FCF3B8ECDEC62AD /* [CP] Check Pods Manifest.lock */,
				69555C472A37035F00AB3E23 /* Sources */,
				69555C482A37035F00AB3E23 /* Frameworks */,
				69555C492A37035F00AB3E23 /* Resources */,
			);
			buildRules = (
			);
			dependencies = (
				69555C4D2A37035F00AB3E23 /* PBXTargetDependency */,
			);
			name = "Kadai11-UIKitUITests";
			productName = "Kadai11-UIKitUITests";
			productReference = 69555C4B2A37035F00AB3E23 /* Kadai11-UIKitUITests.xctest */;
			productType = "com.apple.product-type.bundle.ui-testing";
		};
/* End PBXNativeTarget section */

/* Begin PBXProject section */
		69555C232A37035E00AB3E23 /* Project object */ = {
			isa = PBXProject;
			attributes = {
				BuildIndependentTargetsInParallel = 1;
				LastSwiftUpdateCheck = 1430;
				LastUpgradeCheck = 1430;
				TargetAttributes = {
					69555C2A2A37035E00AB3E23 = {
						CreatedOnToolsVersion = 14.3.1;
					};
					69555C402A37035F00AB3E23 = {
						CreatedOnToolsVersion = 14.3.1;
						TestTargetID = 69555C2A2A37035E00AB3E23;
					};
					69555C4A2A37035F00AB3E23 = {
						CreatedOnToolsVersion = 14.3.1;
						TestTargetID = 69555C2A2A37035E00AB3E23;
					};
				};
			};
			buildConfigurationList = 69555C262A37035E00AB3E23 /* Build configuration list for PBXProject "Kadai11-UIKit" */;
			compatibilityVersion = "Xcode 14.0";
			developmentRegion = en;
			hasScannedForEncodings = 0;
			knownRegions = (
				en,
				Base,
			);
			mainGroup = 69555C222A37035E00AB3E23;
			productRefGroup = 69555C2C2A37035E00AB3E23 /* Products */;
			projectDirPath = "";
			projectRoot = "";
			targets = (
				69555C2A2A37035E00AB3E23 /* Kadai11-UIKit */,
				69555C402A37035F00AB3E23 /* Kadai11-UIKitTests */,
				69555C4A2A37035F00AB3E23 /* Kadai11-UIKitUITests */,
			);
		};
/* End PBXProject section */

/* Begin PBXResourcesBuildPhase section */
		69555C292A37035E00AB3E23 /* Resources */ = {
			isa = PBXResourcesBuildPhase;
			buildActionMask = 2147483647;
			files = (
				69555C3B2A37035F00AB3E23 /* LaunchScreen.storyboard in Resources */,
				69555C382A37035F00AB3E23 /* Assets.xcassets in Resources */,
				69555C362A37035E00AB3E23 /* Main.storyboard in Resources */,
			);
			runOnlyForDeploymentPostprocessing = 0;
		};
		69555C3F2A37035F00AB3E23 /* Resources */ = {
			isa = PBXResourcesBuildPhase;
			buildActionMask = 2147483647;
			files = (
			);
			runOnlyForDeploymentPostprocessing = 0;
		};
		69555C492A37035F00AB3E23 /* Resources */ = {
			isa = PBXResourcesBuildPhase;
			buildActionMask = 2147483647;
			files = (
			);
			runOnlyForDeploymentPostprocessing = 0;
		};
/* End PBXResourcesBuildPhase section */

/* Begin PBXShellScriptBuildPhase section */
		69BB3E662A691B9C004C3CD2 /* ShellScript */ = {
			isa = PBXShellScriptBuildPhase;
			buildActionMask = 2147483647;
			files = (
			);
			inputFileListPaths = (
			);
			inputPaths = (
			);
			outputFileListPaths = (
			);
			outputPaths = (
			);
			runOnlyForDeploymentPostprocessing = 0;
			shellPath = /bin/sh;
			shellScript = "# Type a script or drag a script file from your workspace to insert its path.\nif which \"${PODS_ROOT}/SwiftLint/swiftlint\" >/dev/null; then\n${PODS_ROOT}/SwiftLint/swiftlint\nelse\necho \"warning: SwiftLint not installed, download from https://github.com/realm/SwiftLint\"\nfi\n";
		};
		7B5F74A4A52ED20A5FD50D7D /* [CP] Check Pods Manifest.lock */ = {
			isa = PBXShellScriptBuildPhase;
			buildActionMask = 2147483647;
			files = (
			);
			inputFileListPaths = (
			);
			inputPaths = (
				"${PODS_PODFILE_DIR_PATH}/Podfile.lock",
				"${PODS_ROOT}/Manifest.lock",
			);
			name = "[CP] Check Pods Manifest.lock";
			outputFileListPaths = (
			);
			outputPaths = (
				"$(DERIVED_FILE_DIR)/Pods-Kadai11-UIKit-checkManifestLockResult.txt",
			);
			runOnlyForDeploymentPostprocessing = 0;
			shellPath = /bin/sh;
			shellScript = "diff \"${PODS_PODFILE_DIR_PATH}/Podfile.lock\" \"${PODS_ROOT}/Manifest.lock\" > /dev/null\nif [ $? != 0 ] ; then\n    # print error to STDERR\n    echo \"error: The sandbox is not in sync with the Podfile.lock. Run 'pod install' or update your CocoaPods installation.\" >&2\n    exit 1\nfi\n# This output is used by Xcode 'outputs' to avoid re-running this script phase.\necho \"SUCCESS\" > \"${SCRIPT_OUTPUT_FILE_0}\"\n";
			showEnvVarsInLog = 0;
		};
		AF53099A9342CA6E1F64E4B7 /* [CP] Check Pods Manifest.lock */ = {
			isa = PBXShellScriptBuildPhase;
			buildActionMask = 2147483647;
			files = (
			);
			inputFileListPaths = (
			);
			inputPaths = (
				"${PODS_PODFILE_DIR_PATH}/Podfile.lock",
				"${PODS_ROOT}/Manifest.lock",
			);
			name = "[CP] Check Pods Manifest.lock";
			outputFileListPaths = (
			);
			outputPaths = (
				"$(DERIVED_FILE_DIR)/Pods-Kadai11-UIKitTests-checkManifestLockResult.txt",
			);
			runOnlyForDeploymentPostprocessing = 0;
			shellPath = /bin/sh;
			shellScript = "diff \"${PODS_PODFILE_DIR_PATH}/Podfile.lock\" \"${PODS_ROOT}/Manifest.lock\" > /dev/null\nif [ $? != 0 ] ; then\n    # print error to STDERR\n    echo \"error: The sandbox is not in sync with the Podfile.lock. Run 'pod install' or update your CocoaPods installation.\" >&2\n    exit 1\nfi\n# This output is used by Xcode 'outputs' to avoid re-running this script phase.\necho \"SUCCESS\" > \"${SCRIPT_OUTPUT_FILE_0}\"\n";
			showEnvVarsInLog = 0;
		};
		E0D29A5A6FCF3B8ECDEC62AD /* [CP] Check Pods Manifest.lock */ = {
			isa = PBXShellScriptBuildPhase;
			buildActionMask = 2147483647;
			files = (
			);
			inputFileListPaths = (
			);
			inputPaths = (
				"${PODS_PODFILE_DIR_PATH}/Podfile.lock",
				"${PODS_ROOT}/Manifest.lock",
			);
			name = "[CP] Check Pods Manifest.lock";
			outputFileListPaths = (
			);
			outputPaths = (
				"$(DERIVED_FILE_DIR)/Pods-Kadai11-UIKit-Kadai11-UIKitUITests-checkManifestLockResult.txt",
			);
			runOnlyForDeploymentPostprocessing = 0;
			shellPath = /bin/sh;
			shellScript = "diff \"${PODS_PODFILE_DIR_PATH}/Podfile.lock\" \"${PODS_ROOT}/Manifest.lock\" > /dev/null\nif [ $? != 0 ] ; then\n    # print error to STDERR\n    echo \"error: The sandbox is not in sync with the Podfile.lock. Run 'pod install' or update your CocoaPods installation.\" >&2\n    exit 1\nfi\n# This output is used by Xcode 'outputs' to avoid re-running this script phase.\necho \"SUCCESS\" > \"${SCRIPT_OUTPUT_FILE_0}\"\n";
			showEnvVarsInLog = 0;
		};
/* End PBXShellScriptBuildPhase section */

/* Begin PBXSourcesBuildPhase section */
		69555C272A37035E00AB3E23 /* Sources */ = {
			isa = PBXSourcesBuildPhase;
			buildActionMask = 2147483647;
			files = (
				69555C5F2A37079600AB3E23 /* Prefectures.swift in Sources */,
				69555C332A37035E00AB3E23 /* ViewController.swift in Sources */,
				69555C9D2A38750E00AB3E23 /* PrefecturesViewController.swift in Sources */,
				69555C2F2A37035E00AB3E23 /* AppDelegate.swift in Sources */,
				69555C312A37035E00AB3E23 /* SceneDelegate.swift in Sources */,
			);
			runOnlyForDeploymentPostprocessing = 0;
		};
		69555C3D2A37035F00AB3E23 /* Sources */ = {
			isa = PBXSourcesBuildPhase;
			buildActionMask = 2147483647;
			files = (
				69555C462A37035F00AB3E23 /* Kadai11_UIKitTests.swift in Sources */,
			);
			runOnlyForDeploymentPostprocessing = 0;
		};
		69555C472A37035F00AB3E23 /* Sources */ = {
			isa = PBXSourcesBuildPhase;
			buildActionMask = 2147483647;
			files = (
				69555C522A37035F00AB3E23 /* Kadai11_UIKitUITestsLaunchTests.swift in Sources */,
				69555C502A37035F00AB3E23 /* Kadai11_UIKitUITests.swift in Sources */,
			);
			runOnlyForDeploymentPostprocessing = 0;
		};
/* End PBXSourcesBuildPhase section */

/* Begin PBXTargetDependency section */
		69555C432A37035F00AB3E23 /* PBXTargetDependency */ = {
			isa = PBXTargetDependency;
			target = 69555C2A2A37035E00AB3E23 /* Kadai11-UIKit */;
			targetProxy = 69555C422A37035F00AB3E23 /* PBXContainerItemProxy */;
		};
		69555C4D2A37035F00AB3E23 /* PBXTargetDependency */ = {
			isa = PBXTargetDependency;
			target = 69555C2A2A37035E00AB3E23 /* Kadai11-UIKit */;
			targetProxy = 69555C4C2A37035F00AB3E23 /* PBXContainerItemProxy */;
		};
/* End PBXTargetDependency section */

/* Begin PBXVariantGroup section */
		69555C342A37035E00AB3E23 /* Main.storyboard */ = {
			isa = PBXVariantGroup;
			children = (
				69555C352A37035E00AB3E23 /* Base */,
			);
			name = Main.storyboard;
			sourceTree = "<group>";
		};
		69555C392A37035F00AB3E23 /* LaunchScreen.storyboard */ = {
			isa = PBXVariantGroup;
			children = (
				69555C3A2A37035F00AB3E23 /* Base */,
			);
			name = LaunchScreen.storyboard;
			sourceTree = "<group>";
		};
/* End PBXVariantGroup section */

/* Begin XCBuildConfiguration section */
		69555C532A37035F00AB3E23 /* Debug */ = {
			isa = XCBuildConfiguration;
			buildSettings = {
				ALWAYS_SEARCH_USER_PATHS = NO;
				CLANG_ANALYZER_NONNULL = YES;
				CLANG_ANALYZER_NUMBER_OBJECT_CONVERSION = YES_AGGRESSIVE;
				CLANG_CXX_LANGUAGE_STANDARD = "gnu++20";
				CLANG_ENABLE_MODULES = YES;
				CLANG_ENABLE_OBJC_ARC = YES;
				CLANG_ENABLE_OBJC_WEAK = YES;
				CLANG_WARN_BLOCK_CAPTURE_AUTORELEASING = YES;
				CLANG_WARN_BOOL_CONVERSION = YES;
				CLANG_WARN_COMMA = YES;
				CLANG_WARN_CONSTANT_CONVERSION = YES;
				CLANG_WARN_DEPRECATED_OBJC_IMPLEMENTATIONS = YES;
				CLANG_WARN_DIRECT_OBJC_ISA_USAGE = YES_ERROR;
				CLANG_WARN_DOCUMENTATION_COMMENTS = YES;
				CLANG_WARN_EMPTY_BODY = YES;
				CLANG_WARN_ENUM_CONVERSION = YES;
				CLANG_WARN_INFINITE_RECURSION = YES;
				CLANG_WARN_INT_CONVERSION = YES;
				CLANG_WARN_NON_LITERAL_NULL_CONVERSION = YES;
				CLANG_WARN_OBJC_IMPLICIT_RETAIN_SELF = YES;
				CLANG_WARN_OBJC_LITERAL_CONVERSION = YES;
				CLANG_WARN_OBJC_ROOT_CLASS = YES_ERROR;
				CLANG_WARN_QUOTED_INCLUDE_IN_FRAMEWORK_HEADER = YES;
				CLANG_WARN_RANGE_LOOP_ANALYSIS = YES;
				CLANG_WARN_STRICT_PROTOTYPES = YES;
				CLANG_WARN_SUSPICIOUS_MOVE = YES;
				CLANG_WARN_UNGUARDED_AVAILABILITY = YES_AGGRESSIVE;
				CLANG_WARN_UNREACHABLE_CODE = YES;
				CLANG_WARN__DUPLICATE_METHOD_MATCH = YES;
				COPY_PHASE_STRIP = NO;
				DEBUG_INFORMATION_FORMAT = dwarf;
				ENABLE_STRICT_OBJC_MSGSEND = YES;
				ENABLE_TESTABILITY = YES;
				GCC_C_LANGUAGE_STANDARD = gnu11;
				GCC_DYNAMIC_NO_PIC = NO;
				GCC_NO_COMMON_BLOCKS = YES;
				GCC_OPTIMIZATION_LEVEL = 0;
				GCC_PREPROCESSOR_DEFINITIONS = (
					"DEBUG=1",
					"$(inherited)",
				);
				GCC_WARN_64_TO_32_BIT_CONVERSION = YES;
				GCC_WARN_ABOUT_RETURN_TYPE = YES_ERROR;
				GCC_WARN_UNDECLARED_SELECTOR = YES;
				GCC_WARN_UNINITIALIZED_AUTOS = YES_AGGRESSIVE;
				GCC_WARN_UNUSED_FUNCTION = YES;
				GCC_WARN_UNUSED_VARIABLE = YES;
				IPHONEOS_DEPLOYMENT_TARGET = 16.4;
				MTL_ENABLE_DEBUG_INFO = INCLUDE_SOURCE;
				MTL_FAST_MATH = YES;
				ONLY_ACTIVE_ARCH = YES;
				SDKROOT = iphoneos;
				SWIFT_ACTIVE_COMPILATION_CONDITIONS = DEBUG;
				SWIFT_OPTIMIZATION_LEVEL = "-Onone";
			};
			name = Debug;
		};
		69555C542A37035F00AB3E23 /* Release */ = {
			isa = XCBuildConfiguration;
			buildSettings = {
				ALWAYS_SEARCH_USER_PATHS = NO;
				CLANG_ANALYZER_NONNULL = YES;
				CLANG_ANALYZER_NUMBER_OBJECT_CONVERSION = YES_AGGRESSIVE;
				CLANG_CXX_LANGUAGE_STANDARD = "gnu++20";
				CLANG_ENABLE_MODULES = YES;
				CLANG_ENABLE_OBJC_ARC = YES;
				CLANG_ENABLE_OBJC_WEAK = YES;
				CLANG_WARN_BLOCK_CAPTURE_AUTORELEASING = YES;
				CLANG_WARN_BOOL_CONVERSION = YES;
				CLANG_WARN_COMMA = YES;
				CLANG_WARN_CONSTANT_CONVERSION = YES;
				CLANG_WARN_DEPRECATED_OBJC_IMPLEMENTATIONS = YES;
				CLANG_WARN_DIRECT_OBJC_ISA_USAGE = YES_ERROR;
				CLANG_WARN_DOCUMENTATION_COMMENTS = YES;
				CLANG_WARN_EMPTY_BODY = YES;
				CLANG_WARN_ENUM_CONVERSION = YES;
				CLANG_WARN_INFINITE_RECURSION = YES;
				CLANG_WARN_INT_CONVERSION = YES;
				CLANG_WARN_NON_LITERAL_NULL_CONVERSION = YES;
				CLANG_WARN_OBJC_IMPLICIT_RETAIN_SELF = YES;
				CLANG_WARN_OBJC_LITERAL_CONVERSION = YES;
				CLANG_WARN_OBJC_ROOT_CLASS = YES_ERROR;
				CLANG_WARN_QUOTED_INCLUDE_IN_FRAMEWORK_HEADER = YES;
				CLANG_WARN_RANGE_LOOP_ANALYSIS = YES;
				CLANG_WARN_STRICT_PROTOTYPES = YES;
				CLANG_WARN_SUSPICIOUS_MOVE = YES;
				CLANG_WARN_UNGUARDED_AVAILABILITY = YES_AGGRESSIVE;
				CLANG_WARN_UNREACHABLE_CODE = YES;
				CLANG_WARN__DUPLICATE_METHOD_MATCH = YES;
				COPY_PHASE_STRIP = NO;
				DEBUG_INFORMATION_FORMAT = "dwarf-with-dsym";
				ENABLE_NS_ASSERTIONS = NO;
				ENABLE_STRICT_OBJC_MSGSEND = YES;
				GCC_C_LANGUAGE_STANDARD = gnu11;
				GCC_NO_COMMON_BLOCKS = YES;
				GCC_WARN_64_TO_32_BIT_CONVERSION = YES;
				GCC_WARN_ABOUT_RETURN_TYPE = YES_ERROR;
				GCC_WARN_UNDECLARED_SELECTOR = YES;
				GCC_WARN_UNINITIALIZED_AUTOS = YES_AGGRESSIVE;
				GCC_WARN_UNUSED_FUNCTION = YES;
				GCC_WARN_UNUSED_VARIABLE = YES;
				IPHONEOS_DEPLOYMENT_TARGET = 16.4;
				MTL_ENABLE_DEBUG_INFO = NO;
				MTL_FAST_MATH = YES;
				SDKROOT = iphoneos;
				SWIFT_COMPILATION_MODE = wholemodule;
				SWIFT_OPTIMIZATION_LEVEL = "-O";
				VALIDATE_PRODUCT = YES;
			};
			name = Release;
		};
		69555C562A37035F00AB3E23 /* Debug */ = {
			isa = XCBuildConfiguration;
			baseConfigurationReference = 05A27996547CCDBDF3D068F0 /* Pods-Kadai11-UIKit.debug.xcconfig */;
			buildSettings = {
				ASSETCATALOG_COMPILER_APPICON_NAME = AppIcon;
				ASSETCATALOG_COMPILER_GLOBAL_ACCENT_COLOR_NAME = AccentColor;
				CODE_SIGN_STYLE = Automatic;
				CURRENT_PROJECT_VERSION = 1;
				DEVELOPMENT_TEAM = 6NMWZ48XL4;
				GENERATE_INFOPLIST_FILE = YES;
				INFOPLIST_FILE = "Kadai11-UIKit/Info.plist";
				INFOPLIST_KEY_UIApplicationSupportsIndirectInputEvents = YES;
				INFOPLIST_KEY_UILaunchStoryboardName = LaunchScreen;
				INFOPLIST_KEY_UIMainStoryboardFile = Main;
				INFOPLIST_KEY_UISupportedInterfaceOrientations_iPad = "UIInterfaceOrientationPortrait UIInterfaceOrientationPortraitUpsideDown UIInterfaceOrientationLandscapeLeft UIInterfaceOrientationLandscapeRight";
				INFOPLIST_KEY_UISupportedInterfaceOrientations_iPhone = "UIInterfaceOrientationPortrait UIInterfaceOrientationLandscapeLeft UIInterfaceOrientationLandscapeRight";
				LD_RUNPATH_SEARCH_PATHS = (
					"$(inherited)",
					"@executable_path/Frameworks",
				);
				MARKETING_VERSION = 1.0;
				PRODUCT_BUNDLE_IDENTIFIER = "com.sako.Kadai11-UIKit";
				PRODUCT_NAME = "$(TARGET_NAME)";
				SWIFT_EMIT_LOC_STRINGS = YES;
				SWIFT_VERSION = 5.0;
				TARGETED_DEVICE_FAMILY = "1,2";
			};
			name = Debug;
		};
		69555C572A37035F00AB3E23 /* Release */ = {
			isa = XCBuildConfiguration;
			baseConfigurationReference = 121092A92928158F024242D8 /* Pods-Kadai11-UIKit.release.xcconfig */;
			buildSettings = {
				ASSETCATALOG_COMPILER_APPICON_NAME = AppIcon;
				ASSETCATALOG_COMPILER_GLOBAL_ACCENT_COLOR_NAME = AccentColor;
				CODE_SIGN_STYLE = Automatic;
				CURRENT_PROJECT_VERSION = 1;
				DEVELOPMENT_TEAM = 6NMWZ48XL4;
				GENERATE_INFOPLIST_FILE = YES;
				INFOPLIST_FILE = "Kadai11-UIKit/Info.plist";
				INFOPLIST_KEY_UIApplicationSupportsIndirectInputEvents = YES;
				INFOPLIST_KEY_UILaunchStoryboardName = LaunchScreen;
				INFOPLIST_KEY_UIMainStoryboardFile = Main;
				INFOPLIST_KEY_UISupportedInterfaceOrientations_iPad = "UIInterfaceOrientationPortrait UIInterfaceOrientationPortraitUpsideDown UIInterfaceOrientationLandscapeLeft UIInterfaceOrientationLandscapeRight";
				INFOPLIST_KEY_UISupportedInterfaceOrientations_iPhone = "UIInterfaceOrientationPortrait UIInterfaceOrientationLandscapeLeft UIInterfaceOrientationLandscapeRight";
				LD_RUNPATH_SEARCH_PATHS = (
					"$(inherited)",
					"@executable_path/Frameworks",
				);
				MARKETING_VERSION = 1.0;
				PRODUCT_BUNDLE_IDENTIFIER = "com.sako.Kadai11-UIKit";
				PRODUCT_NAME = "$(TARGET_NAME)";
				SWIFT_EMIT_LOC_STRINGS = YES;
				SWIFT_VERSION = 5.0;
				TARGETED_DEVICE_FAMILY = "1,2";
			};
			name = Release;
		};
		69555C592A37035F00AB3E23 /* Debug */ = {
			isa = XCBuildConfiguration;
			baseConfigurationReference = 7F15B30C292069FA466BDC70 /* Pods-Kadai11-UIKitTests.debug.xcconfig */;
			buildSettings = {
				ALWAYS_EMBED_SWIFT_STANDARD_LIBRARIES = YES;
				BUNDLE_LOADER = "$(TEST_HOST)";
				CODE_SIGN_STYLE = Automatic;
				CURRENT_PROJECT_VERSION = 1;
				DEVELOPMENT_TEAM = 6NMWZ48XL4;
				GENERATE_INFOPLIST_FILE = YES;
				IPHONEOS_DEPLOYMENT_TARGET = 16.4;
				MARKETING_VERSION = 1.0;
				PRODUCT_BUNDLE_IDENTIFIER = "com.sako.Kadai11-UIKitTests";
				PRODUCT_NAME = "$(TARGET_NAME)";
				SWIFT_EMIT_LOC_STRINGS = NO;
				SWIFT_VERSION = 5.0;
				TARGETED_DEVICE_FAMILY = "1,2";
				TEST_HOST = "$(BUILT_PRODUCTS_DIR)/Kadai11-UIKit.app/$(BUNDLE_EXECUTABLE_FOLDER_PATH)/Kadai11-UIKit";
			};
			name = Debug;
		};
		69555C5A2A37035F00AB3E23 /* Release */ = {
			isa = XCBuildConfiguration;
			baseConfigurationReference = 4FBE97332A46096CA518F950 /* Pods-Kadai11-UIKitTests.release.xcconfig */;
			buildSettings = {
				ALWAYS_EMBED_SWIFT_STANDARD_LIBRARIES = YES;
				BUNDLE_LOADER = "$(TEST_HOST)";
				CODE_SIGN_STYLE = Automatic;
				CURRENT_PROJECT_VERSION = 1;
				DEVELOPMENT_TEAM = 6NMWZ48XL4;
				GENERATE_INFOPLIST_FILE = YES;
				IPHONEOS_DEPLOYMENT_TARGET = 16.4;
				MARKETING_VERSION = 1.0;
				PRODUCT_BUNDLE_IDENTIFIER = "com.sako.Kadai11-UIKitTests";
				PRODUCT_NAME = "$(TARGET_NAME)";
				SWIFT_EMIT_LOC_STRINGS = NO;
				SWIFT_VERSION = 5.0;
				TARGETED_DEVICE_FAMILY = "1,2";
				TEST_HOST = "$(BUILT_PRODUCTS_DIR)/Kadai11-UIKit.app/$(BUNDLE_EXECUTABLE_FOLDER_PATH)/Kadai11-UIKit";
			};
			name = Release;
		};
		69555C5C2A37035F00AB3E23 /* Debug */ = {
			isa = XCBuildConfiguration;
			baseConfigurationReference = 668951A90B611EF41567245A /* Pods-Kadai11-UIKit-Kadai11-UIKitUITests.debug.xcconfig */;
			buildSettings = {
				ALWAYS_EMBED_SWIFT_STANDARD_LIBRARIES = YES;
				CODE_SIGN_STYLE = Automatic;
				CURRENT_PROJECT_VERSION = 1;
				DEVELOPMENT_TEAM = 6NMWZ48XL4;
				GENERATE_INFOPLIST_FILE = YES;
				MARKETING_VERSION = 1.0;
				PRODUCT_BUNDLE_IDENTIFIER = "com.sako.Kadai11-UIKitUITests";
				PRODUCT_NAME = "$(TARGET_NAME)";
				SWIFT_EMIT_LOC_STRINGS = NO;
				SWIFT_VERSION = 5.0;
				TARGETED_DEVICE_FAMILY = "1,2";
				TEST_TARGET_NAME = "Kadai11-UIKit";
			};
			name = Debug;
		};
		69555C5D2A37035F00AB3E23 /* Release */ = {
			isa = XCBuildConfiguration;
			baseConfigurationReference = D66E252E49E854AC57F9C77A /* Pods-Kadai11-UIKit-Kadai11-UIKitUITests.release.xcconfig */;
			buildSettings = {
				ALWAYS_EMBED_SWIFT_STANDARD_LIBRARIES = YES;
				CODE_SIGN_STYLE = Automatic;
				CURRENT_PROJECT_VERSION = 1;
				DEVELOPMENT_TEAM = 6NMWZ48XL4;
				GENERATE_INFOPLIST_FILE = YES;
				MARKETING_VERSION = 1.0;
				PRODUCT_BUNDLE_IDENTIFIER = "com.sako.Kadai11-UIKitUITests";
				PRODUCT_NAME = "$(TARGET_NAME)";
				SWIFT_EMIT_LOC_STRINGS = NO;
				SWIFT_VERSION = 5.0;
				TARGETED_DEVICE_FAMILY = "1,2";
				TEST_TARGET_NAME = "Kadai11-UIKit";
			};
			name = Release;
		};
/* End XCBuildConfiguration section */

/* Begin XCConfigurationList section */
		69555C262A37035E00AB3E23 /* Build configuration list for PBXProject "Kadai11-UIKit" */ = {
			isa = XCConfigurationList;
			buildConfigurations = (
				69555C532A37035F00AB3E23 /* Debug */,
				69555C542A37035F00AB3E23 /* Release */,
			);
			defaultConfigurationIsVisible = 0;
			defaultConfigurationName = Release;
		};
		69555C552A37035F00AB3E23 /* Build configuration list for PBXNativeTarget "Kadai11-UIKit" */ = {
			isa = XCConfigurationList;
			buildConfigurations = (
				69555C562A37035F00AB3E23 /* Debug */,
				69555C572A37035F00AB3E23 /* Release */,
			);
			defaultConfigurationIsVisible = 0;
			defaultConfigurationName = Release;
		};
		69555C582A37035F00AB3E23 /* Build configuration list for PBXNativeTarget "Kadai11-UIKitTests" */ = {
			isa = XCConfigurationList;
			buildConfigurations = (
				69555C592A37035F00AB3E23 /* Debug */,
				69555C5A2A37035F00AB3E23 /* Release */,
			);
			defaultConfigurationIsVisible = 0;
			defaultConfigurationName = Release;
		};
		69555C5B2A37035F00AB3E23 /* Build configuration list for PBXNativeTarget "Kadai11-UIKitUITests" */ = {
			isa = XCConfigurationList;
			buildConfigurations = (
				69555C5C2A37035F00AB3E23 /* Debug */,
				69555C5D2A37035F00AB3E23 /* Release */,
			);
			defaultConfigurationIsVisible = 0;
			defaultConfigurationName = Release;
		};
/* End XCConfigurationList section */
	};
	rootObject = 69555C232A37035E00AB3E23 /* Project object */;
}
